
Microsoft Visual Studio Solution File, Format Version 12.00
# Visual Studio Version 16
VisualStudioVersion = 16.0.29609.76
MinimumVisualStudioVersion = 10.0.40219.1
Project("{FAE04EC0-301F-11D3-BF4B-00C04F79EFBC}") = "UnitTestNetCore", "UnitTestNetCore\UnitTestNetCore.csproj", "{F404948C-CFCF-4211-8E07-371ECA0539C2}"
EndProject
Project("{FAE04EC0-301F-11D3-BF4B-00C04F79EFBC}") = "UnitTestNetCore.Test", "UnitTestNetCore.Test\UnitTestNetCore.Test.csproj", "{AE498D2C-FF71-4561-B49E-BD5EB2C234CD}"
EndProject
Project("{FAE04EC0-301F-11D3-BF4B-00C04F79EFBC}") = "WebApp.Tests", "WebApp.Tests\WebApp.Tests.csproj", "{56B13215-DB4C-4EF2-A3A1-F2C1D8C71B8B}"
EndProject
Global
	GlobalSection(SolutionConfigurationPlatforms) = preSolution
		Debug|Any CPU = Debug|Any CPU
		Release|Any CPU = Release|Any CPU
	EndGlobalSection
	GlobalSection(ProjectConfigurationPlatforms) = postSolution
		{F404948C-CFCF-4211-8E07-371ECA0539C2}.Debug|Any CPU.ActiveCfg = Debug|Any CPU
		{F404948C-CFCF-4211-8E07-371ECA0539C2}.Debug|Any CPU.Build.0 = Debug|Any CPU
		{F404948C-CFCF-4211-8E07-371ECA0539C2}.Release|Any CPU.ActiveCfg = Release|Any CPU
		{F404948C-CFCF-4211-8E07-371ECA0539C2}.Release|Any CPU.Build.0 = Release|Any CPU
		{AE498D2C-FF71-4561-B49E-BD5EB2C234CD}.Debug|Any CPU.ActiveCfg = Debug|Any CPU
		{AE498D2C-FF71-4561-B49E-BD5EB2C234CD}.Debug|Any CPU.Build.0 = Debug|Any CPU
		{AE498D2C-FF71-4561-B49E-BD5EB2C234CD}.Release|Any CPU.ActiveCfg = Release|Any CPU
		{AE498D2C-FF71-4561-B49E-BD5EB2C234CD}.Release|Any CPU.Build.0 = Release|Any CPU
		{56B13215-DB4C-4EF2-A3A1-F2C1D8C71B8B}.Debug|Any CPU.ActiveCfg = Debug|Any CPU
		{56B13215-DB4C-4EF2-A3A1-F2C1D8C71B8B}.Debug|Any CPU.Build.0 = Debug|Any CPU
		{56B13215-DB4C-4EF2-A3A1-F2C1D8C71B8B}.Release|Any CPU.ActiveCfg = Release|Any CPU
		{56B13215-DB4C-4EF2-A3A1-F2C1D8C71B8B}.Release|Any CPU.Build.0 = Release|Any CPU
	EndGlobalSection
	GlobalSection(SolutionProperties) = preSolution
		HideSolutionNode = FALSE
	EndGlobalSection
	GlobalSection(ExtensibilityGlobals) = postSolution
		SolutionGuid = {C5A6CD2E-3BAB-4EC2-AC4A-A7582B5A77F3}
	EndGlobalSection
EndGlobal
